
Microsoft Visual Studio Solution File, Format Version 12.00
# Visual Studio Version 16
VisualStudioVersion = 16.0.29411.108
MinimumVisualStudioVersion = 10.0.40219.1
Project("{FAE04EC0-301F-11D3-BF4B-00C04F79EFBC}") = "JSUMDUZE - Dodawanie", "JSUMDUZE - Dodawanie.csproj", "{C2D3958F-5DB6-4872-86CF-E5351FED397B}"
EndProject
Global
	GlobalSection(SolutionConfigurationPlatforms) = preSolution
		Debug|Any CPU = Debug|Any CPU
		Release|Any CPU = Release|Any CPU
	EndGlobalSection
	GlobalSection(ProjectConfigurationPlatforms) = postSolution
		{C2D3958F-5DB6-4872-86CF-E5351FED397B}.Debug|Any CPU.ActiveCfg = Debug|Any CPU
		{C2D3958F-5DB6-4872-86CF-E5351FED397B}.Debug|Any CPU.Build.0 = Debug|Any CPU
		{C2D3958F-5DB6-4872-86CF-E5351FED397B}.Release|Any CPU.ActiveCfg = Release|Any CPU
		{C2D3958F-5DB6-4872-86CF-E5351FED397B}.Release|Any CPU.Build.0 = Release|Any CPU
	EndGlobalSection
	GlobalSection(SolutionProperties) = preSolution
		HideSolutionNode = FALSE
	EndGlobalSection
	GlobalSection(ExtensibilityGlobals) = postSolution
		SolutionGuid = {40368947-029A-4951-ACD2-19D7ADAF6D0A}
	EndGlobalSection
EndGlobal
